
Microsoft Visual Studio Solution File, Format Version 12.00
# Visual Studio 15
VisualStudioVersion = 15.0.28307.438
MinimumVisualStudioVersion = 10.0.40219.1
Project("{FAE04EC0-301F-11D3-BF4B-00C04F79EFBC}") = "SARCEM_TCC.web", "SARCEM_TCC.web\SARCEM_TCC.web.csproj", "{E02A3B37-BCA5-460F-8F9F-ABCA758A569D}"
EndProject
Global
	GlobalSection(SolutionConfigurationPlatforms) = preSolution
		Debug|Any CPU = Debug|Any CPU
		Release|Any CPU = Release|Any CPU
	EndGlobalSection
	GlobalSection(ProjectConfigurationPlatforms) = postSolution
		{E02A3B37-BCA5-460F-8F9F-ABCA758A569D}.Debug|Any CPU.ActiveCfg = Debug|Any CPU
		{E02A3B37-BCA5-460F-8F9F-ABCA758A569D}.Debug|Any CPU.Build.0 = Debug|Any CPU
		{E02A3B37-BCA5-460F-8F9F-ABCA758A569D}.Release|Any CPU.ActiveCfg = Release|Any CPU
		{E02A3B37-BCA5-460F-8F9F-ABCA758A569D}.Release|Any CPU.Build.0 = Release|Any CPU
	EndGlobalSection
	GlobalSection(SolutionProperties) = preSolution
		HideSolutionNode = FALSE
	EndGlobalSection
	GlobalSection(ExtensibilityGlobals) = postSolution
		SolutionGuid = {D95DB376-3CAB-4B6B-9E5F-A513ABE071A5}
	EndGlobalSection
EndGlobal
